
Microsoft Visual Studio Solution File, Format Version 12.00
# Visual Studio 15
Project("{FAE04EC0-301F-11D3-BF4B-00C04F79EFBC}") = "core", "core.csproj", "{50304434-9798-0CA7-F9B7-715628074633}"
EndProject
Project("{FAE04EC0-301F-11D3-BF4B-00C04F79EFBC}") = "Unity.TexturePacker", "Unity.TexturePacker.csproj", "{4F825264-A4AE-7AD3-E41B-EB1651E909B0}"
EndProject
Project("{FAE04EC0-301F-11D3-BF4B-00C04F79EFBC}") = "NewAssembly", "NewAssembly.csproj", "{C852437C-2725-9D29-EE96-394171C29115}"
EndProject
Project("{FAE04EC0-301F-11D3-BF4B-00C04F79EFBC}") = "Unity.TexturePacker.Editor", "Unity.TexturePacker.Editor.csproj", "{C8794BBE-4BE2-4B46-7893-62A4FBDAA5A3}"
EndProject
Project("{FAE04EC0-301F-11D3-BF4B-00C04F79EFBC}") = "Assembly-CSharp-Editor", "Assembly-CSharp-Editor.csproj", "{78FB4249-84E9-7B4A-72D6-F6272E824CDE}"
EndProject
Project("{FAE04EC0-301F-11D3-BF4B-00C04F79EFBC}") = "core", "core.Player.csproj", "{959C2824-1EF4-B038-00B6-2640756996A8}"
EndProject
Project("{FAE04EC0-301F-11D3-BF4B-00C04F79EFBC}") = "Unity.TexturePacker", "Unity.TexturePacker.Player.csproj", "{519C8E93-6B58-16C0-A6D4-4A5120FB1B2A}"
EndProject
Global
	GlobalSection(SolutionConfigurationPlatforms) = preSolution
		Debug|Any CPU = Debug|Any CPU
		Release|Any CPU = Release|Any CPU
	EndGlobalSection
	GlobalSection(ProjectConfigurationPlatforms) = postSolution
		{50304434-9798-0CA7-F9B7-715628074633}.Debug|Any CPU.ActiveCfg = Debug|Any CPU
		{50304434-9798-0CA7-F9B7-715628074633}.Debug|Any CPU.Build.0 = Debug|Any CPU
		{50304434-9798-0CA7-F9B7-715628074633}.Release|Any CPU.ActiveCfg = Release|Any CPU
		{50304434-9798-0CA7-F9B7-715628074633}.Release|Any CPU.Build.0 = Release|Any CPU
		{4F825264-A4AE-7AD3-E41B-EB1651E909B0}.Debug|Any CPU.ActiveCfg = Debug|Any CPU
		{4F825264-A4AE-7AD3-E41B-EB1651E909B0}.Debug|Any CPU.Build.0 = Debug|Any CPU
		{4F825264-A4AE-7AD3-E41B-EB1651E909B0}.Release|Any CPU.ActiveCfg = Release|Any CPU
		{4F825264-A4AE-7AD3-E41B-EB1651E909B0}.Release|Any CPU.Build.0 = Release|Any CPU
		{C852437C-2725-9D29-EE96-394171C29115}.Debug|Any CPU.ActiveCfg = Debug|Any CPU
		{C852437C-2725-9D29-EE96-394171C29115}.Debug|Any CPU.Build.0 = Debug|Any CPU
		{C852437C-2725-9D29-EE96-394171C29115}.Release|Any CPU.ActiveCfg = Release|Any CPU
		{C852437C-2725-9D29-EE96-394171C29115}.Release|Any CPU.Build.0 = Release|Any CPU
		{C8794BBE-4BE2-4B46-7893-62A4FBDAA5A3}.Debug|Any CPU.ActiveCfg = Debug|Any CPU
		{C8794BBE-4BE2-4B46-7893-62A4FBDAA5A3}.Debug|Any CPU.Build.0 = Debug|Any CPU
		{C8794BBE-4BE2-4B46-7893-62A4FBDAA5A3}.Release|Any CPU.ActiveCfg = Release|Any CPU
		{C8794BBE-4BE2-4B46-7893-62A4FBDAA5A3}.Release|Any CPU.Build.0 = Release|Any CPU
		{78FB4249-84E9-7B4A-72D6-F6272E824CDE}.Debug|Any CPU.ActiveCfg = Debug|Any CPU
		{78FB4249-84E9-7B4A-72D6-F6272E824CDE}.Debug|Any CPU.Build.0 = Debug|Any CPU
		{78FB4249-84E9-7B4A-72D6-F6272E824CDE}.Release|Any CPU.ActiveCfg = Release|Any CPU
		{78FB4249-84E9-7B4A-72D6-F6272E824CDE}.Release|Any CPU.Build.0 = Release|Any CPU
		{959C2824-1EF4-B038-00B6-2640756996A8}.Debug|Any CPU.ActiveCfg = Debug|Any CPU
		{959C2824-1EF4-B038-00B6-2640756996A8}.Debug|Any CPU.Build.0 = Debug|Any CPU
		{959C2824-1EF4-B038-00B6-2640756996A8}.Release|Any CPU.ActiveCfg = Release|Any CPU
		{959C2824-1EF4-B038-00B6-2640756996A8}.Release|Any CPU.Build.0 = Release|Any CPU
		{519C8E93-6B58-16C0-A6D4-4A5120FB1B2A}.Debug|Any CPU.ActiveCfg = Debug|Any CPU
		{519C8E93-6B58-16C0-A6D4-4A5120FB1B2A}.Debug|Any CPU.Build.0 = Debug|Any CPU
		{519C8E93-6B58-16C0-A6D4-4A5120FB1B2A}.Release|Any CPU.ActiveCfg = Release|Any CPU
		{519C8E93-6B58-16C0-A6D4-4A5120FB1B2A}.Release|Any CPU.Build.0 = Release|Any CPU
	EndGlobalSection
	GlobalSection(SolutionProperties) = preSolution
		HideSolutionNode = FALSE
	EndGlobalSection
EndGlobal
